// !$*UTF8*$!
{
	archiveVersion = 1;
	classes = {
	};
	objectVersion = 56;
	objects = {

/* Begin PBXBuildFile section */
		6B0A5BED2C860BEC00FC0AA6 /* CiCdWorkshopApp.swift in Sources */ = {isa = PBXBuildFile; fileRef = 6B0A5BEC2C860BEC00FC0AA6 /* CiCdWorkshopApp.swift */; };
		6B0A5BEF2C860BEC00FC0AA6 /* ContentView.swift in Sources */ = {isa = PBXBuildFile; fileRef = 6B0A5BEE2C860BEC00FC0AA6 /* ContentView.swift */; };
		6B0A5BF12C860BEF00FC0AA6 /* Assets.xcassets in Resources */ = {isa = PBXBuildFile; fileRef = 6B0A5BF02C860BEF00FC0AA6 /* Assets.xcassets */; };
		6B0A5BF42C860BEF00FC0AA6 /* Preview Assets.xcassets in Resources */ = {isa = PBXBuildFile; fileRef = 6B0A5BF32C860BEF00FC0AA6 /* Preview Assets.xcassets */; };
		6B0A5BFE2C860BEF00FC0AA6 /* CiCdWorkshopTests.swift in Sources */ = {isa = PBXBuildFile; fileRef = 6B0A5BFD2C860BEF00FC0AA6 /* CiCdWorkshopTests.swift */; };
		6B0A5C082C860BEF00FC0AA6 /* CiCdWorkshopUITests.swift in Sources */ = {isa = PBXBuildFile; fileRef = 6B0A5C072C860BEF00FC0AA6 /* CiCdWorkshopUITests.swift */; };
		6B0A5C0A2C860BEF00FC0AA6 /* CiCdWorkshopUITestsLaunchTests.swift in Sources */ = {isa = PBXBuildFile; fileRef = 6B0A5C092C860BEF00FC0AA6 /* CiCdWorkshopUITestsLaunchTests.swift */; };
/* End PBXBuildFile section */

/* Begin PBXContainerItemProxy section */
		6B0A5BFA2C860BEF00FC0AA6 /* PBXContainerItemProxy */ = {
			isa = PBXContainerItemProxy;
			containerPortal = 6B0A5BE12C860BEC00FC0AA6 /* Project object */;
			proxyType = 1;
			remoteGlobalIDString = 6B0A5BE82C860BEC00FC0AA6;
			remoteInfo = CiCdWorkshop;
		};
		6B0A5C042C860BEF00FC0AA6 /* PBXContainerItemProxy */ = {
			isa = PBXContainerItemProxy;
			containerPortal = 6B0A5BE12C860BEC00FC0AA6 /* Project object */;
			proxyType = 1;
			remoteGlobalIDString = 6B0A5BE82C860BEC00FC0AA6;
			remoteInfo = CiCdWorkshop;
		};
/* End PBXContainerItemProxy section */

/* Begin PBXFileReference section */
		6B0A5BE92C860BEC00FC0AA6 /* CiCdWorkshop.app */ = {isa = PBXFileReference; explicitFileType = wrapper.application; includeInIndex = 0; path = CiCdWorkshop.app; sourceTree = BUILT_PRODUCTS_DIR; };
		6B0A5BEC2C860BEC00FC0AA6 /* CiCdWorkshopApp.swift */ = {isa = PBXFileReference; lastKnownFileType = sourcecode.swift; path = CiCdWorkshopApp.swift; sourceTree = "<group>"; };
		6B0A5BEE2C860BEC00FC0AA6 /* ContentView.swift */ = {isa = PBXFileReference; lastKnownFileType = sourcecode.swift; path = ContentView.swift; sourceTree = "<group>"; };
		6B0A5BF02C860BEF00FC0AA6 /* Assets.xcassets */ = {isa = PBXFileReference; lastKnownFileType = folder.assetcatalog; path = Assets.xcassets; sourceTree = "<group>"; };
		6B0A5BF32C860BEF00FC0AA6 /* Preview Assets.xcassets */ = {isa = PBXFileReference; lastKnownFileType = folder.assetcatalog; path = "Preview Assets.xcassets"; sourceTree = "<group>"; };
		6B0A5BF92C860BEF00FC0AA6 /* CiCdWorkshopTests.xctest */ = {isa = PBXFileReference; explicitFileType = wrapper.cfbundle; includeInIndex = 0; path = CiCdWorkshopTests.xctest; sourceTree = BUILT_PRODUCTS_DIR; };
		6B0A5BFD2C860BEF00FC0AA6 /* CiCdWorkshopTests.swift */ = {isa = PBXFileReference; lastKnownFileType = sourcecode.swift; path = CiCdWorkshopTests.swift; sourceTree = "<group>"; };
		6B0A5C032C860BEF00FC0AA6 /* CiCdWorkshopUITests.xctest */ = {isa = PBXFileReference; explicitFileType = wrapper.cfbundle; includeInIndex = 0; path = CiCdWorkshopUITests.xctest; sourceTree = BUILT_PRODUCTS_DIR; };
		6B0A5C072C860BEF00FC0AA6 /* CiCdWorkshopUITests.swift */ = {isa = PBXFileReference; lastKnownFileType = sourcecode.swift; path = CiCdWorkshopUITests.swift; sourceTree = "<group>"; };
		6B0A5C092C860BEF00FC0AA6 /* CiCdWorkshopUITestsLaunchTests.swift */ = {isa = PBXFileReference; lastKnownFileType = sourcecode.swift; path = CiCdWorkshopUITestsLaunchTests.swift; sourceTree = "<group>"; };
/* End PBXFileReference section */

/* Begin PBXFrameworksBuildPhase section */
		6B0A5BE62C860BEC00FC0AA6 /* Frameworks */ = {
			isa = PBXFrameworksBuildPhase;
			buildActionMask = 2147483647;
			files = (
			);
			runOnlyForDeploymentPostprocessing = 0;
		};
		6B0A5BF62C860BEF00FC0AA6 /* Frameworks */ = {
			isa = PBXFrameworksBuildPhase;
			buildActionMask = 2147483647;
			files = (
			);
			runOnlyForDeploymentPostprocessing = 0;
		};
		6B0A5C002C860BEF00FC0AA6 /* Frameworks */ = {
			isa = PBXFrameworksBuildPhase;
			buildActionMask = 2147483647;
			files = (
			);
			runOnlyForDeploymentPostprocessing = 0;
		};
/* End PBXFrameworksBuildPhase section */

/* Begin PBXGroup section */
		6B0A5BE02C860BEC00FC0AA6 = {
			isa = PBXGroup;
			children = (
				6B0A5BEB2C860BEC00FC0AA6 /* CiCdWorkshop */,
				6B0A5BFC2C860BEF00FC0AA6 /* CiCdWorkshopTests */,
				6B0A5C062C860BEF00FC0AA6 /* CiCdWorkshopUITests */,
				6B0A5BEA2C860BEC00FC0AA6 /* Products */,
			);
			sourceTree = "<group>";
		};
		6B0A5BEA2C860BEC00FC0AA6 /* Products */ = {
			isa = PBXGroup;
			children = (
				6B0A5BE92C860BEC00FC0AA6 /* CiCdWorkshop.app */,
				6B0A5BF92C860BEF00FC0AA6 /* CiCdWorkshopTests.xctest */,
				6B0A5C032C860BEF00FC0AA6 /* CiCdWorkshopUITests.xctest */,
			);
			name = Products;
			sourceTree = "<group>";
		};
		6B0A5BEB2C860BEC00FC0AA6 /* CiCdWorkshop */ = {
			isa = PBXGroup;
			children = (
				6B0A5BEC2C860BEC00FC0AA6 /* CiCdWorkshopApp.swift */,
				6B0A5BEE2C860BEC00FC0AA6 /* ContentView.swift */,
				6B0A5BF02C860BEF00FC0AA6 /* Assets.xcassets */,
				6B0A5BF22C860BEF00FC0AA6 /* Preview Content */,
			);
			path = CiCdWorkshop;
			sourceTree = "<group>";
		};
		6B0A5BF22C860BEF00FC0AA6 /* Preview Content */ = {
			isa = PBXGroup;
			children = (
				6B0A5BF32C860BEF00FC0AA6 /* Preview Assets.xcassets */,
			);
			path = "Preview Content";
			sourceTree = "<group>";
		};
		6B0A5BFC2C860BEF00FC0AA6 /* CiCdWorkshopTests */ = {
			isa = PBXGroup;
			children = (
				6B0A5BFD2C860BEF00FC0AA6 /* CiCdWorkshopTests.swift */,
			);
			path = CiCdWorkshopTests;
			sourceTree = "<group>";
		};
		6B0A5C062C860BEF00FC0AA6 /* CiCdWorkshopUITests */ = {
			isa = PBXGroup;
			children = (
				6B0A5C072C860BEF00FC0AA6 /* CiCdWorkshopUITests.swift */,
				6B0A5C092C860BEF00FC0AA6 /* CiCdWorkshopUITestsLaunchTests.swift */,
			);
			path = CiCdWorkshopUITests;
			sourceTree = "<group>";
		};
/* End PBXGroup section */

/* Begin PBXNativeTarget section */
		6B0A5BE82C860BEC00FC0AA6 /* CiCdWorkshop */ = {
			isa = PBXNativeTarget;
			buildConfigurationList = 6B0A5C0D2C860BEF00FC0AA6 /* Build configuration list for PBXNativeTarget "CiCdWorkshop" */;
			buildPhases = (
				6B0A5BE52C860BEC00FC0AA6 /* Sources */,
				6B0A5BE62C860BEC00FC0AA6 /* Frameworks */,
				6B0A5BE72C860BEC00FC0AA6 /* Resources */,
			);
			buildRules = (
			);
			dependencies = (
			);
			name = CiCdWorkshop;
			productName = CiCdWorkshop;
			productReference = 6B0A5BE92C860BEC00FC0AA6 /* CiCdWorkshop.app */;
			productType = "com.apple.product-type.application";
		};
		6B0A5BF82C860BEF00FC0AA6 /* CiCdWorkshopTests */ = {
			isa = PBXNativeTarget;
			buildConfigurationList = 6B0A5C102C860BEF00FC0AA6 /* Build configuration list for PBXNativeTarget "CiCdWorkshopTests" */;
			buildPhases = (
				6B0A5BF52C860BEF00FC0AA6 /* Sources */,
				6B0A5BF62C860BEF00FC0AA6 /* Frameworks */,
				6B0A5BF72C860BEF00FC0AA6 /* Resources */,
			);
			buildRules = (
			);
			dependencies = (
				6B0A5BFB2C860BEF00FC0AA6 /* PBXTargetDependency */,
			);
			name = CiCdWorkshopTests;
			productName = CiCdWorkshopTests;
			productReference = 6B0A5BF92C860BEF00FC0AA6 /* CiCdWorkshopTests.xctest */;
			productType = "com.apple.product-type.bundle.unit-test";
		};
		6B0A5C022C860BEF00FC0AA6 /* CiCdWorkshopUITests */ = {
			isa = PBXNativeTarget;
			buildConfigurationList = 6B0A5C132C860BEF00FC0AA6 /* Build configuration list for PBXNativeTarget "CiCdWorkshopUITests" */;
			buildPhases = (
				6B0A5BFF2C860BEF00FC0AA6 /* Sources */,
				6B0A5C002C860BEF00FC0AA6 /* Frameworks */,
				6B0A5C012C860BEF00FC0AA6 /* Resources */,
			);
			buildRules = (
			);
			dependencies = (
				6B0A5C052C860BEF00FC0AA6 /* PBXTargetDependency */,
			);
			name = CiCdWorkshopUITests;
			productName = CiCdWorkshopUITests;
			productReference = 6B0A5C032C860BEF00FC0AA6 /* CiCdWorkshopUITests.xctest */;
			productType = "com.apple.product-type.bundle.ui-testing";
		};
/* End PBXNativeTarget section */

/* Begin PBXProject section */
		6B0A5BE12C860BEC00FC0AA6 /* Project object */ = {
			isa = PBXProject;
			attributes = {
				BuildIndependentTargetsInParallel = 1;
				LastSwiftUpdateCheck = 1540;
				LastUpgradeCheck = 1540;
				TargetAttributes = {
					6B0A5BE82C860BEC00FC0AA6 = {
						CreatedOnToolsVersion = 15.4;
					};
					6B0A5BF82C860BEF00FC0AA6 = {
						CreatedOnToolsVersion = 15.4;
						TestTargetID = 6B0A5BE82C860BEC00FC0AA6;
					};
					6B0A5C022C860BEF00FC0AA6 = {
						CreatedOnToolsVersion = 15.4;
						TestTargetID = 6B0A5BE82C860BEC00FC0AA6;
					};
				};
			};
			buildConfigurationList = 6B0A5BE42C860BEC00FC0AA6 /* Build configuration list for PBXProject "CiCdWorkshop" */;
			compatibilityVersion = "Xcode 14.0";
			developmentRegion = en;
			hasScannedForEncodings = 0;
			knownRegions = (
				en,
				Base,
			);
			mainGroup = 6B0A5BE02C860BEC00FC0AA6;
			productRefGroup = 6B0A5BEA2C860BEC00FC0AA6 /* Products */;
			projectDirPath = "";
			projectRoot = "";
			targets = (
				6B0A5BE82C860BEC00FC0AA6 /* CiCdWorkshop */,
				6B0A5BF82C860BEF00FC0AA6 /* CiCdWorkshopTests */,
				6B0A5C022C860BEF00FC0AA6 /* CiCdWorkshopUITests */,
			);
		};
/* End PBXProject section */

/* Begin PBXResourcesBuildPhase section */
		6B0A5BE72C860BEC00FC0AA6 /* Resources */ = {
			isa = PBXResourcesBuildPhase;
			buildActionMask = 2147483647;
			files = (
				6B0A5BF42C860BEF00FC0AA6 /* Preview Assets.xcassets in Resources */,
				6B0A5BF12C860BEF00FC0AA6 /* Assets.xcassets in Resources */,
			);
			runOnlyForDeploymentPostprocessing = 0;
		};
		6B0A5BF72C860BEF00FC0AA6 /* Resources */ = {
			isa = PBXResourcesBuildPhase;
			buildActionMask = 2147483647;
			files = (
			);
			runOnlyForDeploymentPostprocessing = 0;
		};
		6B0A5C012C860BEF00FC0AA6 /* Resources */ = {
			isa = PBXResourcesBuildPhase;
			buildActionMask = 2147483647;
			files = (
			);
			runOnlyForDeploymentPostprocessing = 0;
		};
/* End PBXResourcesBuildPhase section */

/* Begin PBXSourcesBuildPhase section */
		6B0A5BE52C860BEC00FC0AA6 /* Sources */ = {
			isa = PBXSourcesBuildPhase;
			buildActionMask = 2147483647;
			files = (
				6B0A5BEF2C860BEC00FC0AA6 /* ContentView.swift in Sources */,
				6B0A5BED2C860BEC00FC0AA6 /* CiCdWorkshopApp.swift in Sources */,
			);
			runOnlyForDeploymentPostprocessing = 0;
		};
		6B0A5BF52C860BEF00FC0AA6 /* Sources */ = {
			isa = PBXSourcesBuildPhase;
			buildActionMask = 2147483647;
			files = (
				6B0A5BFE2C860BEF00FC0AA6 /* CiCdWorkshopTests.swift in Sources */,
			);
			runOnlyForDeploymentPostprocessing = 0;
		};
		6B0A5BFF2C860BEF00FC0AA6 /* Sources */ = {
			isa = PBXSourcesBuildPhase;
			buildActionMask = 2147483647;
			files = (
				6B0A5C0A2C860BEF00FC0AA6 /* CiCdWorkshopUITestsLaunchTests.swift in Sources */,
				6B0A5C082C860BEF00FC0AA6 /* CiCdWorkshopUITests.swift in Sources */,
			);
			runOnlyForDeploymentPostprocessing = 0;
		};
/* End PBXSourcesBuildPhase section */

/* Begin PBXTargetDependency section */
		6B0A5BFB2C860BEF00FC0AA6 /* PBXTargetDependency */ = {
			isa = PBXTargetDependency;
			target = 6B0A5BE82C860BEC00FC0AA6 /* CiCdWorkshop */;
			targetProxy = 6B0A5BFA2C860BEF00FC0AA6 /* PBXContainerItemProxy */;
		};
		6B0A5C052C860BEF00FC0AA6 /* PBXTargetDependency */ = {
			isa = PBXTargetDependency;
			target = 6B0A5BE82C860BEC00FC0AA6 /* CiCdWorkshop */;
			targetProxy = 6B0A5C042C860BEF00FC0AA6 /* PBXContainerItemProxy */;
		};
/* End PBXTargetDependency section */

/* Begin XCBuildConfiguration section */
		6B0A5C0B2C860BEF00FC0AA6 /* Debug */ = {
			isa = XCBuildConfiguration;
			buildSettings = {
				ALWAYS_SEARCH_USER_PATHS = NO;
				ASSETCATALOG_COMPILER_GENERATE_SWIFT_ASSET_SYMBOL_EXTENSIONS = YES;
				CLANG_ANALYZER_NONNULL = YES;
				CLANG_ANALYZER_NUMBER_OBJECT_CONVERSION = YES_AGGRESSIVE;
				CLANG_CXX_LANGUAGE_STANDARD = "gnu++20";
				CLANG_ENABLE_MODULES = YES;
				CLANG_ENABLE_OBJC_ARC = YES;
				CLANG_ENABLE_OBJC_WEAK = YES;
				CLANG_WARN_BLOCK_CAPTURE_AUTORELEASING = YES;
				CLANG_WARN_BOOL_CONVERSION = YES;
				CLANG_WARN_COMMA = YES;
				CLANG_WARN_CONSTANT_CONVERSION = YES;
				CLANG_WARN_DEPRECATED_OBJC_IMPLEMENTATIONS = YES;
				CLANG_WARN_DIRECT_OBJC_ISA_USAGE = YES_ERROR;
				CLANG_WARN_DOCUMENTATION_COMMENTS = YES;
				CLANG_WARN_EMPTY_BODY = YES;
				CLANG_WARN_ENUM_CONVERSION = YES;
				CLANG_WARN_INFINITE_RECURSION = YES;
				CLANG_WARN_INT_CONVERSION = YES;
				CLANG_WARN_NON_LITERAL_NULL_CONVERSION = YES;
				CLANG_WARN_OBJC_IMPLICIT_RETAIN_SELF = YES;
				CLANG_WARN_OBJC_LITERAL_CONVERSION = YES;
				CLANG_WARN_OBJC_ROOT_CLASS = YES_ERROR;
				CLANG_WARN_QUOTED_INCLUDE_IN_FRAMEWORK_HEADER = YES;
				CLANG_WARN_RANGE_LOOP_ANALYSIS = YES;
				CLANG_WARN_STRICT_PROTOTYPES = YES;
				CLANG_WARN_SUSPICIOUS_MOVE = YES;
				CLANG_WARN_UNGUARDED_AVAILABILITY = YES_AGGRESSIVE;
				CLANG_WARN_UNREACHABLE_CODE = YES;
				CLANG_WARN__DUPLICATE_METHOD_MATCH = YES;
				COPY_PHASE_STRIP = NO;
				DEBUG_INFORMATION_FORMAT = dwarf;
				ENABLE_STRICT_OBJC_MSGSEND = YES;
				ENABLE_TESTABILITY = YES;
				ENABLE_USER_SCRIPT_SANDBOXING = YES;
				GCC_C_LANGUAGE_STANDARD = gnu17;
				GCC_DYNAMIC_NO_PIC = NO;
				GCC_NO_COMMON_BLOCKS = YES;
				GCC_OPTIMIZATION_LEVEL = 0;
				GCC_PREPROCESSOR_DEFINITIONS = (
					"DEBUG=1",
					"$(inherited)",
				);
				GCC_WARN_64_TO_32_BIT_CONVERSION = YES;
				GCC_WARN_ABOUT_RETURN_TYPE = YES_ERROR;
				GCC_WARN_UNDECLARED_SELECTOR = YES;
				GCC_WARN_UNINITIALIZED_AUTOS = YES_AGGRESSIVE;
				GCC_WARN_UNUSED_FUNCTION = YES;
				GCC_WARN_UNUSED_VARIABLE = YES;
				IPHONEOS_DEPLOYMENT_TARGET = 17.5;
				LOCALIZATION_PREFERS_STRING_CATALOGS = YES;
				MTL_ENABLE_DEBUG_INFO = INCLUDE_SOURCE;
				MTL_FAST_MATH = YES;
				ONLY_ACTIVE_ARCH = YES;
				SDKROOT = iphoneos;
				SWIFT_ACTIVE_COMPILATION_CONDITIONS = "DEBUG $(inherited)";
				SWIFT_OPTIMIZATION_LEVEL = "-Onone";
			};
			name = Debug;
		};
		6B0A5C0C2C860BEF00FC0AA6 /* Release */ = {
			isa = XCBuildConfiguration;
			buildSettings = {
				ALWAYS_SEARCH_USER_PATHS = NO;
				ASSETCATALOG_COMPILER_GENERATE_SWIFT_ASSET_SYMBOL_EXTENSIONS = YES;
				CLANG_ANALYZER_NONNULL = YES;
				CLANG_ANALYZER_NUMBER_OBJECT_CONVERSION = YES_AGGRESSIVE;
				CLANG_CXX_LANGUAGE_STANDARD = "gnu++20";
				CLANG_ENABLE_MODULES = YES;
				CLANG_ENABLE_OBJC_ARC = YES;
				CLANG_ENABLE_OBJC_WEAK = YES;
				CLANG_WARN_BLOCK_CAPTURE_AUTORELEASING = YES;
				CLANG_WARN_BOOL_CONVERSION = YES;
				CLANG_WARN_COMMA = YES;
				CLANG_WARN_CONSTANT_CONVERSION = YES;
				CLANG_WARN_DEPRECATED_OBJC_IMPLEMENTATIONS = YES;
				CLANG_WARN_DIRECT_OBJC_ISA_USAGE = YES_ERROR;
				CLANG_WARN_DOCUMENTATION_COMMENTS = YES;
				CLANG_WARN_EMPTY_BODY = YES;
				CLANG_WARN_ENUM_CONVERSION = YES;
				CLANG_WARN_INFINITE_RECURSION = YES;
				CLANG_WARN_INT_CONVERSION = YES;
				CLANG_WARN_NON_LITERAL_NULL_CONVERSION = YES;
				CLANG_WARN_OBJC_IMPLICIT_RETAIN_SELF = YES;
				CLANG_WARN_OBJC_LITERAL_CONVERSION = YES;
				CLANG_WARN_OBJC_ROOT_CLASS = YES_ERROR;
				CLANG_WARN_QUOTED_INCLUDE_IN_FRAMEWORK_HEADER = YES;
				CLANG_WARN_RANGE_LOOP_ANALYSIS = YES;
				CLANG_WARN_STRICT_PROTOTYPES = YES;
				CLANG_WARN_SUSPICIOUS_MOVE = YES;
				CLANG_WARN_UNGUARDED_AVAILABILITY = YES_AGGRESSIVE;
				CLANG_WARN_UNREACHABLE_CODE = YES;
				CLANG_WARN__DUPLICATE_METHOD_MATCH = YES;
				COPY_PHASE_STRIP = NO;
				DEBUG_INFORMATION_FORMAT = "dwarf-with-dsym";
				ENABLE_NS_ASSERTIONS = NO;
				ENABLE_STRICT_OBJC_MSGSEND = YES;
				ENABLE_USER_SCRIPT_SANDBOXING = YES;
				GCC_C_LANGUAGE_STANDARD = gnu17;
				GCC_NO_COMMON_BLOCKS = YES;
				GCC_WARN_64_TO_32_BIT_CONVERSION = YES;
				GCC_WARN_ABOUT_RETURN_TYPE = YES_ERROR;
				GCC_WARN_UNDECLARED_SELECTOR = YES;
				GCC_WARN_UNINITIALIZED_AUTOS = YES_AGGRESSIVE;
				GCC_WARN_UNUSED_FUNCTION = YES;
				GCC_WARN_UNUSED_VARIABLE = YES;
				IPHONEOS_DEPLOYMENT_TARGET = 17.5;
				LOCALIZATION_PREFERS_STRING_CATALOGS = YES;
				MTL_ENABLE_DEBUG_INFO = NO;
				MTL_FAST_MATH = YES;
				SDKROOT = iphoneos;
				SWIFT_COMPILATION_MODE = wholemodule;
				VALIDATE_PRODUCT = YES;
			};
			name = Release;
		};
		6B0A5C0E2C860BEF00FC0AA6 /* Debug */ = {
			isa = XCBuildConfiguration;
			buildSettings = {
				ASSETCATALOG_COMPILER_APPICON_NAME = AppIcon;
				ASSETCATALOG_COMPILER_GLOBAL_ACCENT_COLOR_NAME = AccentColor;
				CODE_SIGN_STYLE = Automatic;
				CURRENT_PROJECT_VERSION = 1;
				DEVELOPMENT_ASSET_PATHS = "\"CiCdWorkshop/Preview Content\"";
				DEVELOPMENT_TEAM = NNN4GFZ9C2;
				ENABLE_PREVIEWS = YES;
				GENERATE_INFOPLIST_FILE = YES;
				INFOPLIST_KEY_UIApplicationSceneManifest_Generation = YES;
				INFOPLIST_KEY_UIApplicationSupportsIndirectInputEvents = YES;
				INFOPLIST_KEY_UILaunchScreen_Generation = YES;
				INFOPLIST_KEY_UISupportedInterfaceOrientations_iPad = "UIInterfaceOrientationPortrait UIInterfaceOrientationPortraitUpsideDown UIInterfaceOrientationLandscapeLeft UIInterfaceOrientationLandscapeRight";
				INFOPLIST_KEY_UISupportedInterfaceOrientations_iPhone = "UIInterfaceOrientationPortrait UIInterfaceOrientationLandscapeLeft UIInterfaceOrientationLandscapeRight";
				LD_RUNPATH_SEARCH_PATHS = (
					"$(inherited)",
					"@executable_path/Frameworks",
				);
				MARKETING_VERSION = 1.0;
				PRODUCT_BUNDLE_IDENTIFIER = uk.ac.aber.examples.CiCdWorkshop;
				PRODUCT_NAME = "$(TARGET_NAME)";
				SWIFT_EMIT_LOC_STRINGS = YES;
				SWIFT_VERSION = 5.0;
				TARGETED_DEVICE_FAMILY = "1,2";
			};
			name = Debug;
		};
		6B0A5C0F2C860BEF00FC0AA6 /* Release */ = {
			isa = XCBuildConfiguration;
			buildSettings = {
				ASSETCATALOG_COMPILER_APPICON_NAME = AppIcon;
				ASSETCATALOG_COMPILER_GLOBAL_ACCENT_COLOR_NAME = AccentColor;
				CODE_SIGN_STYLE = Automatic;
				CURRENT_PROJECT_VERSION = 1;
				DEVELOPMENT_ASSET_PATHS = "\"CiCdWorkshop/Preview Content\"";
				DEVELOPMENT_TEAM = NNN4GFZ9C2;
				ENABLE_PREVIEWS = YES;
				GENERATE_INFOPLIST_FILE = YES;
				INFOPLIST_KEY_UIApplicationSceneManifest_Generation = YES;
				INFOPLIST_KEY_UIApplicationSupportsIndirectInputEvents = YES;
				INFOPLIST_KEY_UILaunchScreen_Generation = YES;
				INFOPLIST_KEY_UISupportedInterfaceOrientations_iPad = "UIInterfaceOrientationPortrait UIInterfaceOrientationPortraitUpsideDown UIInterfaceOrientationLandscapeLeft UIInterfaceOrientationLandscapeRight";
				INFOPLIST_KEY_UISupportedInterfaceOrientations_iPhone = "UIInterfaceOrientationPortrait UIInterfaceOrientationLandscapeLeft UIInterfaceOrientationLandscapeRight";
				LD_RUNPATH_SEARCH_PATHS = (
					"$(inherited)",
					"@executable_path/Frameworks",
				);
				MARKETING_VERSION = 1.0;
				PRODUCT_BUNDLE_IDENTIFIER = uk.ac.aber.examples.CiCdWorkshop;
				PRODUCT_NAME = "$(TARGET_NAME)";
				SWIFT_EMIT_LOC_STRINGS = YES;
				SWIFT_VERSION = 5.0;
				TARGETED_DEVICE_FAMILY = "1,2";
			};
			name = Release;
		};
		6B0A5C112C860BEF00FC0AA6 /* Debug */ = {
			isa = XCBuildConfiguration;
			buildSettings = {
				ALWAYS_EMBED_SWIFT_STANDARD_LIBRARIES = YES;
				BUNDLE_LOADER = "$(TEST_HOST)";
				CODE_SIGN_STYLE = Automatic;
				CURRENT_PROJECT_VERSION = 1;
				DEVELOPMENT_TEAM = NNN4GFZ9C2;
				GENERATE_INFOPLIST_FILE = YES;
				IPHONEOS_DEPLOYMENT_TARGET = 17.5;
				MARKETING_VERSION = 1.0;
				PRODUCT_BUNDLE_IDENTIFIER = uk.ac.aber.examples.CiCdWorkshopTests;
				PRODUCT_NAME = "$(TARGET_NAME)";
				SWIFT_EMIT_LOC_STRINGS = NO;
				SWIFT_VERSION = 5.0;
				TARGETED_DEVICE_FAMILY = "1,2";
				TEST_HOST = "$(BUILT_PRODUCTS_DIR)/CiCdWorkshop.app/$(BUNDLE_EXECUTABLE_FOLDER_PATH)/CiCdWorkshop";
			};
			name = Debug;
		};
		6B0A5C122C860BEF00FC0AA6 /* Release */ = {
			isa = XCBuildConfiguration;
			buildSettings = {
				ALWAYS_EMBED_SWIFT_STANDARD_LIBRARIES = YES;
				BUNDLE_LOADER = "$(TEST_HOST)";
				CODE_SIGN_STYLE = Automatic;
				CURRENT_PROJECT_VERSION = 1;
				DEVELOPMENT_TEAM = NNN4GFZ9C2;
				GENERATE_INFOPLIST_FILE = YES;
				IPHONEOS_DEPLOYMENT_TARGET = 17.5;
				MARKETING_VERSION = 1.0;
				PRODUCT_BUNDLE_IDENTIFIER = uk.ac.aber.examples.CiCdWorkshopTests;
				PRODUCT_NAME = "$(TARGET_NAME)";
				SWIFT_EMIT_LOC_STRINGS = NO;
				SWIFT_VERSION = 5.0;
				TARGETED_DEVICE_FAMILY = "1,2";
				TEST_HOST = "$(BUILT_PRODUCTS_DIR)/CiCdWorkshop.app/$(BUNDLE_EXECUTABLE_FOLDER_PATH)/CiCdWorkshop";
			};
			name = Release;
		};
		6B0A5C142C860BEF00FC0AA6 /* Debug */ = {
			isa = XCBuildConfiguration;
			buildSettings = {
				ALWAYS_EMBED_SWIFT_STANDARD_LIBRARIES = YES;
				CODE_SIGN_STYLE = Automatic;
				CURRENT_PROJECT_VERSION = 1;
				DEVELOPMENT_TEAM = NNN4GFZ9C2;
				GENERATE_INFOPLIST_FILE = YES;
				MARKETING_VERSION = 1.0;
				PRODUCT_BUNDLE_IDENTIFIER = uk.ac.aber.examples.CiCdWorkshopUITests;
				PRODUCT_NAME = "$(TARGET_NAME)";
				SWIFT_EMIT_LOC_STRINGS = NO;
				SWIFT_VERSION = 5.0;
				TARGETED_DEVICE_FAMILY = "1,2";
				TEST_TARGET_NAME = CiCdWorkshop;
			};
			name = Debug;
		};
		6B0A5C152C860BEF00FC0AA6 /* Release */ = {
			isa = XCBuildConfiguration;
			buildSettings = {
				ALWAYS_EMBED_SWIFT_STANDARD_LIBRARIES = YES;
				CODE_SIGN_STYLE = Automatic;
				CURRENT_PROJECT_VERSION = 1;
				DEVELOPMENT_TEAM = NNN4GFZ9C2;
				GENERATE_INFOPLIST_FILE = YES;
				MARKETING_VERSION = 1.0;
				PRODUCT_BUNDLE_IDENTIFIER = uk.ac.aber.examples.CiCdWorkshopUITests;
				PRODUCT_NAME = "$(TARGET_NAME)";
				SWIFT_EMIT_LOC_STRINGS = NO;
				SWIFT_VERSION = 5.0;
				TARGETED_DEVICE_FAMILY = "1,2";
				TEST_TARGET_NAME = CiCdWorkshop;
			};
			name = Release;
		};
/* End XCBuildConfiguration section */

/* Begin XCConfigurationList section */
		6B0A5BE42C860BEC00FC0AA6 /* Build configuration list for PBXProject "CiCdWorkshop" */ = {
			isa = XCConfigurationList;
			buildConfigurations = (
				6B0A5C0B2C860BEF00FC0AA6 /* Debug */,
				6B0A5C0C2C860BEF00FC0AA6 /* Release */,
			);
			defaultConfigurationIsVisible = 0;
			defaultConfigurationName = Release;
		};
		6B0A5C0D2C860BEF00FC0AA6 /* Build configuration list for PBXNativeTarget "CiCdWorkshop" */ = {
			isa = XCConfigurationList;
			buildConfigurations = (
				6B0A5C0E2C860BEF00FC0AA6 /* Debug */,
				6B0A5C0F2C860BEF00FC0AA6 /* Release */,
			);
			defaultConfigurationIsVisible = 0;
			defaultConfigurationName = Release;
		};
		6B0A5C102C860BEF00FC0AA6 /* Build configuration list for PBXNativeTarget "CiCdWorkshopTests" */ = {
			isa = XCConfigurationList;
			buildConfigurations = (
				6B0A5C112C860BEF00FC0AA6 /* Debug */,
				6B0A5C122C860BEF00FC0AA6 /* Release */,
			);
			defaultConfigurationIsVisible = 0;
			defaultConfigurationName = Release;
		};
		6B0A5C132C860BEF00FC0AA6 /* Build configuration list for PBXNativeTarget "CiCdWorkshopUITests" */ = {
			isa = XCConfigurationList;
			buildConfigurations = (
				6B0A5C142C860BEF00FC0AA6 /* Debug */,
				6B0A5C152C860BEF00FC0AA6 /* Release */,
			);
			defaultConfigurationIsVisible = 0;
			defaultConfigurationName = Release;
		};
/* End XCConfigurationList section */
	};
	rootObject = 6B0A5BE12C860BEC00FC0AA6 /* Project object */;
}
